
Microsoft Visual Studio Solution File, Format Version 12.00
# Visual Studio Version 16
VisualStudioVersion = 16.0.31025.194
MinimumVisualStudioVersion = 10.0.40219.1
Project("{FAE04EC0-301F-11D3-BF4B-00C04F79EFBC}") = "AnotaCar", "AnotaCar.csproj", "{87DFBBCF-E7D0-4370-871F-F84E1E43E523}"
EndProject
Global
	GlobalSection(SolutionConfigurationPlatforms) = preSolution
		Debug|Any CPU = Debug|Any CPU
		Release|Any CPU = Release|Any CPU
	EndGlobalSection
	GlobalSection(ProjectConfigurationPlatforms) = postSolution
		{87DFBBCF-E7D0-4370-871F-F84E1E43E523}.Debug|Any CPU.ActiveCfg = Debug|Any CPU
		{87DFBBCF-E7D0-4370-871F-F84E1E43E523}.Debug|Any CPU.Build.0 = Debug|Any CPU
		{87DFBBCF-E7D0-4370-871F-F84E1E43E523}.Release|Any CPU.ActiveCfg = Release|Any CPU
		{87DFBBCF-E7D0-4370-871F-F84E1E43E523}.Release|Any CPU.Build.0 = Release|Any CPU
	EndGlobalSection
	GlobalSection(SolutionProperties) = preSolution
		HideSolutionNode = FALSE
	EndGlobalSection
	GlobalSection(ExtensibilityGlobals) = postSolution
		SolutionGuid = {546C60D6-8C3C-402E-A418-91B97569E852}
	EndGlobalSection
EndGlobal
